
Microsoft Visual Studio Solution File, Format Version 12.00
# Visual Studio Version 17
VisualStudioVersion = 17.5.33516.290
MinimumVisualStudioVersion = 10.0.40219.1
Project("{9A19103F-16F7-4668-BE54-9A1E7A4F7556}") = "ECF_SPA", "ECF_SPA\ECF_SPA.csproj", "{EB034302-208F-48DA-AB9F-CF9DFB1DEA37}"
EndProject
Project("{9A19103F-16F7-4668-BE54-9A1E7A4F7556}") = "ECF_SPA_METIER", "ECF_SPA_METIER\ECF_SPA_METIER.csproj", "{6E6D3FC5-8E59-4F97-BD82-0AC220CDAFA0}"
EndProject
Project("{9A19103F-16F7-4668-BE54-9A1E7A4F7556}") = "ConsoleApp2", "ConsoleApp2\ConsoleApp2.csproj", "{6B29C01F-F306-40A0-976B-F2DD3BC63E23}"
EndProject
Global
	GlobalSection(SolutionConfigurationPlatforms) = preSolution
		Debug|Any CPU = Debug|Any CPU
		Release|Any CPU = Release|Any CPU
	EndGlobalSection
	GlobalSection(ProjectConfigurationPlatforms) = postSolution
		{EB034302-208F-48DA-AB9F-CF9DFB1DEA37}.Debug|Any CPU.ActiveCfg = Debug|Any CPU
		{EB034302-208F-48DA-AB9F-CF9DFB1DEA37}.Debug|Any CPU.Build.0 = Debug|Any CPU
		{EB034302-208F-48DA-AB9F-CF9DFB1DEA37}.Release|Any CPU.ActiveCfg = Release|Any CPU
		{EB034302-208F-48DA-AB9F-CF9DFB1DEA37}.Release|Any CPU.Build.0 = Release|Any CPU
		{6E6D3FC5-8E59-4F97-BD82-0AC220CDAFA0}.Debug|Any CPU.ActiveCfg = Debug|Any CPU
		{6E6D3FC5-8E59-4F97-BD82-0AC220CDAFA0}.Debug|Any CPU.Build.0 = Debug|Any CPU
		{6E6D3FC5-8E59-4F97-BD82-0AC220CDAFA0}.Release|Any CPU.ActiveCfg = Release|Any CPU
		{6E6D3FC5-8E59-4F97-BD82-0AC220CDAFA0}.Release|Any CPU.Build.0 = Release|Any CPU
		{6B29C01F-F306-40A0-976B-F2DD3BC63E23}.Debug|Any CPU.ActiveCfg = Debug|Any CPU
		{6B29C01F-F306-40A0-976B-F2DD3BC63E23}.Debug|Any CPU.Build.0 = Debug|Any CPU
		{6B29C01F-F306-40A0-976B-F2DD3BC63E23}.Release|Any CPU.ActiveCfg = Release|Any CPU
		{6B29C01F-F306-40A0-976B-F2DD3BC63E23}.Release|Any CPU.Build.0 = Release|Any CPU
	EndGlobalSection
	GlobalSection(SolutionProperties) = preSolution
		HideSolutionNode = FALSE
	EndGlobalSection
	GlobalSection(ExtensibilityGlobals) = postSolution
		SolutionGuid = {620A2F22-FF22-4A94-B724-0B83391EB611}
	EndGlobalSection
EndGlobal
