
Microsoft Visual Studio Solution File, Format Version 12.00
# Visual Studio Version 17
VisualStudioVersion = 17.3.32929.385
MinimumVisualStudioVersion = 10.0.40219.1
Project("{9A19103F-16F7-4668-BE54-9A1E7A4F7556}") = "CompteBancaires", "CompteBancaire\CompteBancaires.csproj", "{EBE9697C-80D4-4F0D-90D8-717DC0357BF8}"
EndProject
Project("{9A19103F-16F7-4668-BE54-9A1E7A4F7556}") = "CompteBancaireTest", "CompteBancaireTest\CompteBancaireTest.csproj", "{7953FBAA-1E82-4306-9A29-280E1FAE7EE6}"
EndProject
Global
	GlobalSection(SolutionConfigurationPlatforms) = preSolution
		Debug|Any CPU = Debug|Any CPU
		Release|Any CPU = Release|Any CPU
	EndGlobalSection
	GlobalSection(ProjectConfigurationPlatforms) = postSolution
		{EBE9697C-80D4-4F0D-90D8-717DC0357BF8}.Debug|Any CPU.ActiveCfg = Debug|Any CPU
		{EBE9697C-80D4-4F0D-90D8-717DC0357BF8}.Debug|Any CPU.Build.0 = Debug|Any CPU
		{EBE9697C-80D4-4F0D-90D8-717DC0357BF8}.Release|Any CPU.ActiveCfg = Release|Any CPU
		{EBE9697C-80D4-4F0D-90D8-717DC0357BF8}.Release|Any CPU.Build.0 = Release|Any CPU
		{7953FBAA-1E82-4306-9A29-280E1FAE7EE6}.Debug|Any CPU.ActiveCfg = Debug|Any CPU
		{7953FBAA-1E82-4306-9A29-280E1FAE7EE6}.Debug|Any CPU.Build.0 = Debug|Any CPU
		{7953FBAA-1E82-4306-9A29-280E1FAE7EE6}.Release|Any CPU.ActiveCfg = Release|Any CPU
		{7953FBAA-1E82-4306-9A29-280E1FAE7EE6}.Release|Any CPU.Build.0 = Release|Any CPU
	EndGlobalSection
	GlobalSection(SolutionProperties) = preSolution
		HideSolutionNode = FALSE
	EndGlobalSection
	GlobalSection(ExtensibilityGlobals) = postSolution
		SolutionGuid = {F8158DC8-52D0-4624-94EC-4E41B8E7B149}
	EndGlobalSection
EndGlobal
