
Microsoft Visual Studio Solution File, Format Version 12.00
# Visual Studio Version 17
VisualStudioVersion = 17.5.33516.290
MinimumVisualStudioVersion = 10.0.40219.1
Project("{9A19103F-16F7-4668-BE54-9A1E7A4F7556}") = "ServerTchat", "ServerTchat\ServerTchat.csproj", "{9074121B-0D53-4400-824E-25DABB613A6A}"
EndProject
Project("{9A19103F-16F7-4668-BE54-9A1E7A4F7556}") = "ClientTchat", "ClientTchat\ClientTchat.csproj", "{7415B3A2-1751-4A61-AF02-17301627E2B2}"
EndProject
Global
	GlobalSection(SolutionConfigurationPlatforms) = preSolution
		Debug|Any CPU = Debug|Any CPU
		Release|Any CPU = Release|Any CPU
	EndGlobalSection
	GlobalSection(ProjectConfigurationPlatforms) = postSolution
		{9074121B-0D53-4400-824E-25DABB613A6A}.Debug|Any CPU.ActiveCfg = Debug|Any CPU
		{9074121B-0D53-4400-824E-25DABB613A6A}.Debug|Any CPU.Build.0 = Debug|Any CPU
		{9074121B-0D53-4400-824E-25DABB613A6A}.Release|Any CPU.ActiveCfg = Release|Any CPU
		{9074121B-0D53-4400-824E-25DABB613A6A}.Release|Any CPU.Build.0 = Release|Any CPU
		{7415B3A2-1751-4A61-AF02-17301627E2B2}.Debug|Any CPU.ActiveCfg = Debug|Any CPU
		{7415B3A2-1751-4A61-AF02-17301627E2B2}.Debug|Any CPU.Build.0 = Debug|Any CPU
		{7415B3A2-1751-4A61-AF02-17301627E2B2}.Release|Any CPU.ActiveCfg = Release|Any CPU
		{7415B3A2-1751-4A61-AF02-17301627E2B2}.Release|Any CPU.Build.0 = Release|Any CPU
	EndGlobalSection
	GlobalSection(SolutionProperties) = preSolution
		HideSolutionNode = FALSE
	EndGlobalSection
	GlobalSection(ExtensibilityGlobals) = postSolution
		SolutionGuid = {D6E14581-D34A-44EF-BF20-434FBD710833}
	EndGlobalSection
EndGlobal
